
Microsoft Visual Studio Solution File, Format Version 12.00
# Visual Studio Version 17
VisualStudioVersion = 17.3.32922.545
MinimumVisualStudioVersion = 10.0.40219.1
Project("{FAE04EC0-301F-11D3-BF4B-00C04F79EFBC}") = "9", "9.csproj", "{442FAEF4-6048-4746-A56D-8B3378B7C02A}"
EndProject
Global
	GlobalSection(SolutionConfigurationPlatforms) = preSolution
		Debug|Any CPU = Debug|Any CPU
		Release|Any CPU = Release|Any CPU
	EndGlobalSection
	GlobalSection(ProjectConfigurationPlatforms) = postSolution
		{442FAEF4-6048-4746-A56D-8B3378B7C02A}.Debug|Any CPU.ActiveCfg = Debug|Any CPU
		{442FAEF4-6048-4746-A56D-8B3378B7C02A}.Debug|Any CPU.Build.0 = Debug|Any CPU
		{442FAEF4-6048-4746-A56D-8B3378B7C02A}.Release|Any CPU.ActiveCfg = Release|Any CPU
		{442FAEF4-6048-4746-A56D-8B3378B7C02A}.Release|Any CPU.Build.0 = Release|Any CPU
	EndGlobalSection
	GlobalSection(SolutionProperties) = preSolution
		HideSolutionNode = FALSE
	EndGlobalSection
	GlobalSection(ExtensibilityGlobals) = postSolution
		SolutionGuid = {D0A3C7E8-C065-450F-A5A5-2AE2134BE83A}
	EndGlobalSection
EndGlobal
