
Microsoft Visual Studio Solution File, Format Version 12.00
# Visual Studio Version 17
VisualStudioVersion = 17.3.32922.545
MinimumVisualStudioVersion = 10.0.40219.1
Project("{FAE04EC0-301F-11D3-BF4B-00C04F79EFBC}") = "8", "8.csproj", "{C6561852-45E8-4C7E-B43B-28E05E3D1ED7}"
EndProject
Global
	GlobalSection(SolutionConfigurationPlatforms) = preSolution
		Debug|Any CPU = Debug|Any CPU
		Release|Any CPU = Release|Any CPU
	EndGlobalSection
	GlobalSection(ProjectConfigurationPlatforms) = postSolution
		{C6561852-45E8-4C7E-B43B-28E05E3D1ED7}.Debug|Any CPU.ActiveCfg = Debug|Any CPU
		{C6561852-45E8-4C7E-B43B-28E05E3D1ED7}.Debug|Any CPU.Build.0 = Debug|Any CPU
		{C6561852-45E8-4C7E-B43B-28E05E3D1ED7}.Release|Any CPU.ActiveCfg = Release|Any CPU
		{C6561852-45E8-4C7E-B43B-28E05E3D1ED7}.Release|Any CPU.Build.0 = Release|Any CPU
	EndGlobalSection
	GlobalSection(SolutionProperties) = preSolution
		HideSolutionNode = FALSE
	EndGlobalSection
	GlobalSection(ExtensibilityGlobals) = postSolution
		SolutionGuid = {F2F24045-CCD9-44F0-8724-8AC9CCD85BD9}
	EndGlobalSection
EndGlobal
